
Microsoft Visual Studio Solution File, Format Version 12.00
# Visual Studio Version 17
VisualStudioVersion = 17.6.33712.159
MinimumVisualStudioVersion = 10.0.40219.1
Project("{FAE04EC0-301F-11D3-BF4B-00C04F79EFBC}") = "ConsoleApp8", "ConsoleApp8\ConsoleApp8.csproj", "{F2AD969C-3309-43DA-A694-307B255AB7EF}"
EndProject
Global
	GlobalSection(SolutionConfigurationPlatforms) = preSolution
		Debug|Any CPU = Debug|Any CPU
		Release|Any CPU = Release|Any CPU
	EndGlobalSection
	GlobalSection(ProjectConfigurationPlatforms) = postSolution
		{F2AD969C-3309-43DA-A694-307B255AB7EF}.Debug|Any CPU.ActiveCfg = Debug|Any CPU
		{F2AD969C-3309-43DA-A694-307B255AB7EF}.Debug|Any CPU.Build.0 = Debug|Any CPU
		{F2AD969C-3309-43DA-A694-307B255AB7EF}.Release|Any CPU.ActiveCfg = Release|Any CPU
		{F2AD969C-3309-43DA-A694-307B255AB7EF}.Release|Any CPU.Build.0 = Release|Any CPU
	EndGlobalSection
	GlobalSection(SolutionProperties) = preSolution
		HideSolutionNode = FALSE
	EndGlobalSection
	GlobalSection(ExtensibilityGlobals) = postSolution
		SolutionGuid = {1446595A-1D4C-439E-B18B-FBC12B3C4081}
	EndGlobalSection
EndGlobal
